
Microsoft Visual Studio Solution File, Format Version 12.00
Project("{FAE04EC0-301F-11D3-BF4B-00C04F79EFBC}") = "API", "API\API.csproj", "{7F1351D4-281C-4C29-9969-070BDF9A9435}"
EndProject
Project("{FAE04EC0-301F-11D3-BF4B-00C04F79EFBC}") = "Courses.Shared", "Courses.Shared\Courses.Shared.csproj", "{8A2391DB-4356-403D-B0ED-237703E68026}"
EndProject
Project("{FAE04EC0-301F-11D3-BF4B-00C04F79EFBC}") = "Courses.API.IntegrationTests", "Courses.API.IntegrationTests\Courses.API.IntegrationTests.csproj", "{2E4CC983-0A3B-44BC-B83D-AA6BBDD7DDE9}"
EndProject
Project("{FAE04EC0-301F-11D3-BF4B-00C04F79EFBC}") = "Courses.CLI", "Courses.CLI\Courses.CLI.csproj", "{D6116040-9DC8-4B2C-9CA7-14CB17EB7CA1}"
EndProject
Project("{FAE04EC0-301F-11D3-BF4B-00C04F79EFBC}") = "Courses.API.UnitTests", "Courses.API.UnitTests\Courses.API.UnitTests.csproj", "{57D072A1-BA4C-4531-8410-7F6CF28117A0}"
EndProject
Project("{FAE04EC0-301F-11D3-BF4B-00C04F79EFBC}") = "Contracts", "Contracts\Contracts.csproj", "{70596068-0423-4AAF-9587-51741B8154E8}"
EndProject
Project("{2150E333-8FDC-42A3-9474-1A3956D46DE8}") = "src", "src", "{1D8A1A2E-E826-4D15-9D4E-113CA5B739AD}"
EndProject
Project("{FAE04EC0-301F-11D3-BF4B-00C04F79EFBC}") = "CourseModule", "CourseModule\CourseModule.csproj", "{18AD0344-D879-40DC-A78F-C25BF5145608}"
EndProject
Project("{FAE04EC0-301F-11D3-BF4B-00C04F79EFBC}") = "SharedModule", "SharedModule\SharedModule.csproj", "{7C0CA523-2A22-47ED-96D6-5C043F70FDDE}"
EndProject
Project("{FAE04EC0-301F-11D3-BF4B-00C04F79EFBC}") = "CourseModule.Contracts", "CourseModule.Contracts\CourseModule.Contracts.csproj", "{06077071-B9D8-48B3-9EA9-88D90E3AAB1D}"
EndProject
Project("{2150E333-8FDC-42A3-9474-1A3956D46DE8}") = "course", "course", "{85A14728-2F4B-414D-A2D8-3CE8C26F4208}"
EndProject
Project("{2150E333-8FDC-42A3-9474-1A3956D46DE8}") = "src", "src", "{7C0EBB56-52A7-4237-8334-AAD54101105B}"
EndProject
Project("{2150E333-8FDC-42A3-9474-1A3956D46DE8}") = "test", "test", "{71C8434D-21AC-46B6-8F69-16E276DC4F69}"
EndProject
Project("{FAE04EC0-301F-11D3-BF4B-00C04F79EFBC}") = "Courses.IntegrationTests", "Courses.IntegrationTests\Courses.IntegrationTests.csproj", "{41E151A0-D1E2-4B15-A9FB-4C2BA08B8D14}"
EndProject
Project("{2150E333-8FDC-42A3-9474-1A3956D46DE8}") = "watch", "watch", "{03017DBA-766D-41E7-9E2D-4767E8B0C1DD}"
EndProject
Project("{2150E333-8FDC-42A3-9474-1A3956D46DE8}") = "src", "src", "{5862BA46-7FC0-4DB9-916D-7C6E16AFEADF}"
EndProject
Project("{FAE04EC0-301F-11D3-BF4B-00C04F79EFBC}") = "WatchModule", "WatchModule\WatchModule.csproj", "{A679057C-1718-49B4-A598-770F1994D512}"
EndProject
Project("{FAE04EC0-301F-11D3-BF4B-00C04F79EFBC}") = "WatchModule.Contracts", "WatchModule.Contracts\WatchModule.Contracts.csproj", "{DA0F588E-61A3-4621-A87A-98CFBEA75021}"
EndProject
Project("{2150E333-8FDC-42A3-9474-1A3956D46DE8}") = "test", "test", "{539921B7-7D81-438E-B74C-966B7E161FDE}"
EndProject
Project("{FAE04EC0-301F-11D3-BF4B-00C04F79EFBC}") = "Watch.IntegrationTests", "Watch.IntegrationTests\Watch.IntegrationTests.csproj", "{A1066975-EE55-4580-A659-35FDA47858B8}"
EndProject
Global
	GlobalSection(SolutionConfigurationPlatforms) = preSolution
		Debug|Any CPU = Debug|Any CPU
		Release|Any CPU = Release|Any CPU
	EndGlobalSection
	GlobalSection(ProjectConfigurationPlatforms) = postSolution
		{7F1351D4-281C-4C29-9969-070BDF9A9435}.Debug|Any CPU.ActiveCfg = Debug|Any CPU
		{7F1351D4-281C-4C29-9969-070BDF9A9435}.Debug|Any CPU.Build.0 = Debug|Any CPU
		{7F1351D4-281C-4C29-9969-070BDF9A9435}.Release|Any CPU.ActiveCfg = Release|Any CPU
		{7F1351D4-281C-4C29-9969-070BDF9A9435}.Release|Any CPU.Build.0 = Release|Any CPU
		{8A2391DB-4356-403D-B0ED-237703E68026}.Debug|Any CPU.ActiveCfg = Debug|Any CPU
		{8A2391DB-4356-403D-B0ED-237703E68026}.Debug|Any CPU.Build.0 = Debug|Any CPU
		{8A2391DB-4356-403D-B0ED-237703E68026}.Release|Any CPU.ActiveCfg = Release|Any CPU
		{8A2391DB-4356-403D-B0ED-237703E68026}.Release|Any CPU.Build.0 = Release|Any CPU
		{2E4CC983-0A3B-44BC-B83D-AA6BBDD7DDE9}.Debug|Any CPU.ActiveCfg = Debug|Any CPU
		{2E4CC983-0A3B-44BC-B83D-AA6BBDD7DDE9}.Debug|Any CPU.Build.0 = Debug|Any CPU
		{2E4CC983-0A3B-44BC-B83D-AA6BBDD7DDE9}.Release|Any CPU.ActiveCfg = Release|Any CPU
		{2E4CC983-0A3B-44BC-B83D-AA6BBDD7DDE9}.Release|Any CPU.Build.0 = Release|Any CPU
		{D6116040-9DC8-4B2C-9CA7-14CB17EB7CA1}.Debug|Any CPU.ActiveCfg = Debug|Any CPU
		{D6116040-9DC8-4B2C-9CA7-14CB17EB7CA1}.Debug|Any CPU.Build.0 = Debug|Any CPU
		{D6116040-9DC8-4B2C-9CA7-14CB17EB7CA1}.Release|Any CPU.ActiveCfg = Release|Any CPU
		{D6116040-9DC8-4B2C-9CA7-14CB17EB7CA1}.Release|Any CPU.Build.0 = Release|Any CPU
		{57D072A1-BA4C-4531-8410-7F6CF28117A0}.Debug|Any CPU.ActiveCfg = Debug|Any CPU
		{57D072A1-BA4C-4531-8410-7F6CF28117A0}.Debug|Any CPU.Build.0 = Debug|Any CPU
		{57D072A1-BA4C-4531-8410-7F6CF28117A0}.Release|Any CPU.ActiveCfg = Release|Any CPU
		{57D072A1-BA4C-4531-8410-7F6CF28117A0}.Release|Any CPU.Build.0 = Release|Any CPU
		{70596068-0423-4AAF-9587-51741B8154E8}.Debug|Any CPU.ActiveCfg = Debug|Any CPU
		{70596068-0423-4AAF-9587-51741B8154E8}.Debug|Any CPU.Build.0 = Debug|Any CPU
		{70596068-0423-4AAF-9587-51741B8154E8}.Release|Any CPU.ActiveCfg = Release|Any CPU
		{70596068-0423-4AAF-9587-51741B8154E8}.Release|Any CPU.Build.0 = Release|Any CPU
		{18AD0344-D879-40DC-A78F-C25BF5145608}.Debug|Any CPU.ActiveCfg = Debug|Any CPU
		{18AD0344-D879-40DC-A78F-C25BF5145608}.Debug|Any CPU.Build.0 = Debug|Any CPU
		{18AD0344-D879-40DC-A78F-C25BF5145608}.Release|Any CPU.ActiveCfg = Release|Any CPU
		{18AD0344-D879-40DC-A78F-C25BF5145608}.Release|Any CPU.Build.0 = Release|Any CPU
		{7C0CA523-2A22-47ED-96D6-5C043F70FDDE}.Debug|Any CPU.ActiveCfg = Debug|Any CPU
		{7C0CA523-2A22-47ED-96D6-5C043F70FDDE}.Debug|Any CPU.Build.0 = Debug|Any CPU
		{7C0CA523-2A22-47ED-96D6-5C043F70FDDE}.Release|Any CPU.ActiveCfg = Release|Any CPU
		{7C0CA523-2A22-47ED-96D6-5C043F70FDDE}.Release|Any CPU.Build.0 = Release|Any CPU
		{06077071-B9D8-48B3-9EA9-88D90E3AAB1D}.Debug|Any CPU.ActiveCfg = Debug|Any CPU
		{06077071-B9D8-48B3-9EA9-88D90E3AAB1D}.Debug|Any CPU.Build.0 = Debug|Any CPU
		{06077071-B9D8-48B3-9EA9-88D90E3AAB1D}.Release|Any CPU.ActiveCfg = Release|Any CPU
		{06077071-B9D8-48B3-9EA9-88D90E3AAB1D}.Release|Any CPU.Build.0 = Release|Any CPU
		{41E151A0-D1E2-4B15-A9FB-4C2BA08B8D14}.Debug|Any CPU.ActiveCfg = Debug|Any CPU
		{41E151A0-D1E2-4B15-A9FB-4C2BA08B8D14}.Debug|Any CPU.Build.0 = Debug|Any CPU
		{41E151A0-D1E2-4B15-A9FB-4C2BA08B8D14}.Release|Any CPU.ActiveCfg = Release|Any CPU
		{41E151A0-D1E2-4B15-A9FB-4C2BA08B8D14}.Release|Any CPU.Build.0 = Release|Any CPU
		{A679057C-1718-49B4-A598-770F1994D512}.Debug|Any CPU.ActiveCfg = Debug|Any CPU
		{A679057C-1718-49B4-A598-770F1994D512}.Debug|Any CPU.Build.0 = Debug|Any CPU
		{A679057C-1718-49B4-A598-770F1994D512}.Release|Any CPU.ActiveCfg = Release|Any CPU
		{A679057C-1718-49B4-A598-770F1994D512}.Release|Any CPU.Build.0 = Release|Any CPU
		{DA0F588E-61A3-4621-A87A-98CFBEA75021}.Debug|Any CPU.ActiveCfg = Debug|Any CPU
		{DA0F588E-61A3-4621-A87A-98CFBEA75021}.Debug|Any CPU.Build.0 = Debug|Any CPU
		{DA0F588E-61A3-4621-A87A-98CFBEA75021}.Release|Any CPU.ActiveCfg = Release|Any CPU
		{DA0F588E-61A3-4621-A87A-98CFBEA75021}.Release|Any CPU.Build.0 = Release|Any CPU
		{A1066975-EE55-4580-A659-35FDA47858B8}.Debug|Any CPU.ActiveCfg = Debug|Any CPU
		{A1066975-EE55-4580-A659-35FDA47858B8}.Debug|Any CPU.Build.0 = Debug|Any CPU
		{A1066975-EE55-4580-A659-35FDA47858B8}.Release|Any CPU.ActiveCfg = Release|Any CPU
		{A1066975-EE55-4580-A659-35FDA47858B8}.Release|Any CPU.Build.0 = Release|Any CPU
	EndGlobalSection
	GlobalSection(NestedProjects) = preSolution
		{7C0CA523-2A22-47ED-96D6-5C043F70FDDE} = {1D8A1A2E-E826-4D15-9D4E-113CA5B739AD}
		{85A14728-2F4B-414D-A2D8-3CE8C26F4208} = {1D8A1A2E-E826-4D15-9D4E-113CA5B739AD}
		{7C0EBB56-52A7-4237-8334-AAD54101105B} = {85A14728-2F4B-414D-A2D8-3CE8C26F4208}
		{18AD0344-D879-40DC-A78F-C25BF5145608} = {7C0EBB56-52A7-4237-8334-AAD54101105B}
		{06077071-B9D8-48B3-9EA9-88D90E3AAB1D} = {7C0EBB56-52A7-4237-8334-AAD54101105B}
		{71C8434D-21AC-46B6-8F69-16E276DC4F69} = {85A14728-2F4B-414D-A2D8-3CE8C26F4208}
		{41E151A0-D1E2-4B15-A9FB-4C2BA08B8D14} = {71C8434D-21AC-46B6-8F69-16E276DC4F69}
		{03017DBA-766D-41E7-9E2D-4767E8B0C1DD} = {1D8A1A2E-E826-4D15-9D4E-113CA5B739AD}
		{5862BA46-7FC0-4DB9-916D-7C6E16AFEADF} = {03017DBA-766D-41E7-9E2D-4767E8B0C1DD}
		{A679057C-1718-49B4-A598-770F1994D512} = {5862BA46-7FC0-4DB9-916D-7C6E16AFEADF}
		{DA0F588E-61A3-4621-A87A-98CFBEA75021} = {5862BA46-7FC0-4DB9-916D-7C6E16AFEADF}
		{539921B7-7D81-438E-B74C-966B7E161FDE} = {03017DBA-766D-41E7-9E2D-4767E8B0C1DD}
		{A1066975-EE55-4580-A659-35FDA47858B8} = {539921B7-7D81-438E-B74C-966B7E161FDE}
	EndGlobalSection
EndGlobal
